
Microsoft Visual Studio Solution File, Format Version 12.00
# Visual Studio Version 16
VisualStudioVersion = 16.0.31624.102
MinimumVisualStudioVersion = 10.0.40219.1
Project("{FAE04EC0-301F-11D3-BF4B-00C04F79EFBC}") = "MetricsManager", "MetricsManager\MetricsManager.csproj", "{DD8ECB17-B724-4F1C-BA6B-886FD2EA3A82}"
EndProject
Project("{FAE04EC0-301F-11D3-BF4B-00C04F79EFBC}") = "MetricsManagerTest", "MetricsManagerTest\MetricsManagerTest.csproj", "{8EA820BC-503D-4488-95EC-B8521CAB3AE5}"
	ProjectSection(ProjectDependencies) = postProject
		{DD8ECB17-B724-4F1C-BA6B-886FD2EA3A82} = {DD8ECB17-B724-4F1C-BA6B-886FD2EA3A82}
	EndProjectSection
EndProject
Global
	GlobalSection(SolutionConfigurationPlatforms) = preSolution
		Debug|Any CPU = Debug|Any CPU
		Release|Any CPU = Release|Any CPU
	EndGlobalSection
	GlobalSection(ProjectConfigurationPlatforms) = postSolution
		{DD8ECB17-B724-4F1C-BA6B-886FD2EA3A82}.Debug|Any CPU.ActiveCfg = Debug|Any CPU
		{DD8ECB17-B724-4F1C-BA6B-886FD2EA3A82}.Debug|Any CPU.Build.0 = Debug|Any CPU
		{DD8ECB17-B724-4F1C-BA6B-886FD2EA3A82}.Release|Any CPU.ActiveCfg = Release|Any CPU
		{DD8ECB17-B724-4F1C-BA6B-886FD2EA3A82}.Release|Any CPU.Build.0 = Release|Any CPU
		{8EA820BC-503D-4488-95EC-B8521CAB3AE5}.Debug|Any CPU.ActiveCfg = Debug|Any CPU
		{8EA820BC-503D-4488-95EC-B8521CAB3AE5}.Debug|Any CPU.Build.0 = Debug|Any CPU
		{8EA820BC-503D-4488-95EC-B8521CAB3AE5}.Release|Any CPU.ActiveCfg = Release|Any CPU
		{8EA820BC-503D-4488-95EC-B8521CAB3AE5}.Release|Any CPU.Build.0 = Release|Any CPU
	EndGlobalSection
	GlobalSection(SolutionProperties) = preSolution
		HideSolutionNode = FALSE
	EndGlobalSection
	GlobalSection(ExtensibilityGlobals) = postSolution
		SolutionGuid = {6BB4E717-F773-4642-8A29-334AA32A5CFD}
	EndGlobalSection
EndGlobal
